// !$*UTF8*$!
{
	archiveVersion = 1;
	classes = {
	};
	objectVersion = 50;
	objects = {

/* Begin PBXBuildFile section */
		FC0A570F27CC2DC400E413B1 /* AppDelegate.swift in Sources */ = {isa = PBXBuildFile; fileRef = FC0A570E27CC2DC400E413B1 /* AppDelegate.swift */; };
		FC0A571127CC2DC400E413B1 /* SceneDelegate.swift in Sources */ = {isa = PBXBuildFile; fileRef = FC0A571027CC2DC400E413B1 /* SceneDelegate.swift */; };
		FC0A571327CC2DC400E413B1 /* ViewController.swift in Sources */ = {isa = PBXBuildFile; fileRef = FC0A571227CC2DC400E413B1 /* ViewController.swift */; };
		FC0A571627CC2DC400E413B1 /* Main.storyboard in Resources */ = {isa = PBXBuildFile; fileRef = FC0A571427CC2DC400E413B1 /* Main.storyboard */; };
		FC0A571927CC2DC400E413B1 /* Profile_Screen.xcdatamodeld in Sources */ = {isa = PBXBuildFile; fileRef = FC0A571727CC2DC400E413B1 /* Profile_Screen.xcdatamodeld */; };
		FC0A571B27CC2DC500E413B1 /* Assets.xcassets in Resources */ = {isa = PBXBuildFile; fileRef = FC0A571A27CC2DC500E413B1 /* Assets.xcassets */; };
		FC0A571E27CC2DC500E413B1 /* LaunchScreen.storyboard in Resources */ = {isa = PBXBuildFile; fileRef = FC0A571C27CC2DC500E413B1 /* LaunchScreen.storyboard */; };
		FC0A572927CC2DC600E413B1 /* Profile_ScreenTests.swift in Sources */ = {isa = PBXBuildFile; fileRef = FC0A572827CC2DC600E413B1 /* Profile_ScreenTests.swift */; };
		FC0A573427CC2DC600E413B1 /* Profile_ScreenUITests.swift in Sources */ = {isa = PBXBuildFile; fileRef = FC0A573327CC2DC600E413B1 /* Profile_ScreenUITests.swift */; };
		FC1EE31327CD655B0071EFD6 /* FirstScreenViewController.swift in Sources */ = {isa = PBXBuildFile; fileRef = FC1EE31227CD655B0071EFD6 /* FirstScreenViewController.swift */; };
		FC1EE31827CD657B0071EFD6 /* SecondScreenViewController.swift in Sources */ = {isa = PBXBuildFile; fileRef = FC1EE31727CD657B0071EFD6 /* SecondScreenViewController.swift */; };
		FC1EE31D27CD658F0071EFD6 /* ThirdScreenViewController.swift in Sources */ = {isa = PBXBuildFile; fileRef = FC1EE31C27CD658F0071EFD6 /* ThirdScreenViewController.swift */; };
		FCACD78F27CEE2DD0049D6E5 /* Communicator.swift in Sources */ = {isa = PBXBuildFile; fileRef = FCACD78E27CEE2DD0049D6E5 /* Communicator.swift */; };
/* End PBXBuildFile section */

/* Begin PBXContainerItemProxy section */
		FC0A572527CC2DC600E413B1 /* PBXContainerItemProxy */ = {
			isa = PBXContainerItemProxy;
			containerPortal = FC0A570327CC2DC400E413B1 /* Project object */;
			proxyType = 1;
			remoteGlobalIDString = FC0A570A27CC2DC400E413B1;
			remoteInfo = "Profile Screen";
		};
		FC0A573027CC2DC600E413B1 /* PBXContainerItemProxy */ = {
			isa = PBXContainerItemProxy;
			containerPortal = FC0A570327CC2DC400E413B1 /* Project object */;
			proxyType = 1;
			remoteGlobalIDString = FC0A570A27CC2DC400E413B1;
			remoteInfo = "Profile Screen";
		};
/* End PBXContainerItemProxy section */

/* Begin PBXFileReference section */
		FC0A570B27CC2DC400E413B1 /* Profile Screen.app */ = {isa = PBXFileReference; explicitFileType = wrapper.application; includeInIndex = 0; path = "Profile Screen.app"; sourceTree = BUILT_PRODUCTS_DIR; };
		FC0A570E27CC2DC400E413B1 /* AppDelegate.swift */ = {isa = PBXFileReference; lastKnownFileType = sourcecode.swift; path = AppDelegate.swift; sourceTree = "<group>"; };
		FC0A571027CC2DC400E413B1 /* SceneDelegate.swift */ = {isa = PBXFileReference; lastKnownFileType = sourcecode.swift; path = SceneDelegate.swift; sourceTree = "<group>"; };
		FC0A571227CC2DC400E413B1 /* ViewController.swift */ = {isa = PBXFileReference; lastKnownFileType = sourcecode.swift; path = ViewController.swift; sourceTree = "<group>"; };
		FC0A571527CC2DC400E413B1 /* Base */ = {isa = PBXFileReference; lastKnownFileType = file.storyboard; name = Base; path = Base.lproj/Main.storyboard; sourceTree = "<group>"; };
		FC0A571827CC2DC400E413B1 /* Profile_Screen.xcdatamodel */ = {isa = PBXFileReference; lastKnownFileType = wrapper.xcdatamodel; path = Profile_Screen.xcdatamodel; sourceTree = "<group>"; };
		FC0A571A27CC2DC500E413B1 /* Assets.xcassets */ = {isa = PBXFileReference; lastKnownFileType = folder.assetcatalog; path = Assets.xcassets; sourceTree = "<group>"; };
		FC0A571D27CC2DC500E413B1 /* Base */ = {isa = PBXFileReference; lastKnownFileType = file.storyboard; name = Base; path = Base.lproj/LaunchScreen.storyboard; sourceTree = "<group>"; };
		FC0A571F27CC2DC500E413B1 /* Info.plist */ = {isa = PBXFileReference; lastKnownFileType = text.plist.xml; path = Info.plist; sourceTree = "<group>"; };
		FC0A572427CC2DC600E413B1 /* Profile ScreenTests.xctest */ = {isa = PBXFileReference; explicitFileType = wrapper.cfbundle; includeInIndex = 0; path = "Profile ScreenTests.xctest"; sourceTree = BUILT_PRODUCTS_DIR; };
		FC0A572827CC2DC600E413B1 /* Profile_ScreenTests.swift */ = {isa = PBXFileReference; lastKnownFileType = sourcecode.swift; path = Profile_ScreenTests.swift; sourceTree = "<group>"; };
		FC0A572A27CC2DC600E413B1 /* Info.plist */ = {isa = PBXFileReference; lastKnownFileType = text.plist.xml; path = Info.plist; sourceTree = "<group>"; };
		FC0A572F27CC2DC600E413B1 /* Profile ScreenUITests.xctest */ = {isa = PBXFileReference; explicitFileType = wrapper.cfbundle; includeInIndex = 0; path = "Profile ScreenUITests.xctest"; sourceTree = BUILT_PRODUCTS_DIR; };
		FC0A573327CC2DC600E413B1 /* Profile_ScreenUITests.swift */ = {isa = PBXFileReference; lastKnownFileType = sourcecode.swift; path = Profile_ScreenUITests.swift; sourceTree = "<group>"; };
		FC0A573527CC2DC600E413B1 /* Info.plist */ = {isa = PBXFileReference; lastKnownFileType = text.plist.xml; path = Info.plist; sourceTree = "<group>"; };
		FC1EE31227CD655B0071EFD6 /* FirstScreenViewController.swift */ = {isa = PBXFileReference; lastKnownFileType = sourcecode.swift; path = FirstScreenViewController.swift; sourceTree = "<group>"; };
		FC1EE31727CD657B0071EFD6 /* SecondScreenViewController.swift */ = {isa = PBXFileReference; lastKnownFileType = sourcecode.swift; path = SecondScreenViewController.swift; sourceTree = "<group>"; };
		FC1EE31C27CD658F0071EFD6 /* ThirdScreenViewController.swift */ = {isa = PBXFileReference; lastKnownFileType = sourcecode.swift; path = ThirdScreenViewController.swift; sourceTree = "<group>"; };
		FCACD78E27CEE2DD0049D6E5 /* Communicator.swift */ = {isa = PBXFileReference; lastKnownFileType = sourcecode.swift; path = Communicator.swift; sourceTree = "<group>"; };
/* End PBXFileReference section */

/* Begin PBXFrameworksBuildPhase section */
		FC0A570827CC2DC400E413B1 /* Frameworks */ = {
			isa = PBXFrameworksBuildPhase;
			buildActionMask = 2147483647;
			files = (
			);
			runOnlyForDeploymentPostprocessing = 0;
		};
		FC0A572127CC2DC600E413B1 /* Frameworks */ = {
			isa = PBXFrameworksBuildPhase;
			buildActionMask = 2147483647;
			files = (
			);
			runOnlyForDeploymentPostprocessing = 0;
		};
		FC0A572C27CC2DC600E413B1 /* Frameworks */ = {
			isa = PBXFrameworksBuildPhase;
			buildActionMask = 2147483647;
			files = (
			);
			runOnlyForDeploymentPostprocessing = 0;
		};
/* End PBXFrameworksBuildPhase section */

/* Begin PBXGroup section */
		FC0A570227CC2DC400E413B1 = {
			isa = PBXGroup;
			children = (
				FC0A570D27CC2DC400E413B1 /* Profile Screen */,
				FC0A572727CC2DC600E413B1 /* Profile ScreenTests */,
				FC0A573227CC2DC600E413B1 /* Profile ScreenUITests */,
				FC0A570C27CC2DC400E413B1 /* Products */,
			);
			sourceTree = "<group>";
		};
		FC0A570C27CC2DC400E413B1 /* Products */ = {
			isa = PBXGroup;
			children = (
				FC0A570B27CC2DC400E413B1 /* Profile Screen.app */,
				FC0A572427CC2DC600E413B1 /* Profile ScreenTests.xctest */,
				FC0A572F27CC2DC600E413B1 /* Profile ScreenUITests.xctest */,
			);
			name = Products;
			sourceTree = "<group>";
		};
		FC0A570D27CC2DC400E413B1 /* Profile Screen */ = {
			isa = PBXGroup;
			children = (
				FC0A570E27CC2DC400E413B1 /* AppDelegate.swift */,
				FC0A571027CC2DC400E413B1 /* SceneDelegate.swift */,
				FC0A571227CC2DC400E413B1 /* ViewController.swift */,
				FC0A571427CC2DC400E413B1 /* Main.storyboard */,
				FC0A571A27CC2DC500E413B1 /* Assets.xcassets */,
				FC0A571C27CC2DC500E413B1 /* LaunchScreen.storyboard */,
				FC0A571F27CC2DC500E413B1 /* Info.plist */,
				FC0A571727CC2DC400E413B1 /* Profile_Screen.xcdatamodeld */,
				FC1EE31227CD655B0071EFD6 /* FirstScreenViewController.swift */,
				FC1EE31727CD657B0071EFD6 /* SecondScreenViewController.swift */,
				FC1EE31C27CD658F0071EFD6 /* ThirdScreenViewController.swift */,
				FCACD78E27CEE2DD0049D6E5 /* Communicator.swift */,
			);
			path = "Profile Screen";
			sourceTree = "<group>";
		};
		FC0A572727CC2DC600E413B1 /* Profile ScreenTests */ = {
			isa = PBXGroup;
			children = (
				FC0A572827CC2DC600E413B1 /* Profile_ScreenTests.swift */,
				FC0A572A27CC2DC600E413B1 /* Info.plist */,
			);
			path = "Profile ScreenTests";
			sourceTree = "<group>";
		};
		FC0A573227CC2DC600E413B1 /* Profile ScreenUITests */ = {
			isa = PBXGroup;
			children = (
				FC0A573327CC2DC600E413B1 /* Profile_ScreenUITests.swift */,
				FC0A573527CC2DC600E413B1 /* Info.plist */,
			);
			path = "Profile ScreenUITests";
			sourceTree = "<group>";
		};
/* End PBXGroup section */

/* Begin PBXNativeTarget section */
		FC0A570A27CC2DC400E413B1 /* Profile Screen */ = {
			isa = PBXNativeTarget;
			buildConfigurationList = FC0A573827CC2DC600E413B1 /* Build configuration list for PBXNativeTarget "Profile Screen" */;
			buildPhases = (
				FC0A570727CC2DC400E413B1 /* Sources */,
				FC0A570827CC2DC400E413B1 /* Frameworks */,
				FC0A570927CC2DC400E413B1 /* Resources */,
			);
			buildRules = (
			);
			dependencies = (
			);
			name = "Profile Screen";
			productName = "Profile Screen";
			productReference = FC0A570B27CC2DC400E413B1 /* Profile Screen.app */;
			productType = "com.apple.product-type.application";
		};
		FC0A572327CC2DC600E413B1 /* Profile ScreenTests */ = {
			isa = PBXNativeTarget;
			buildConfigurationList = FC0A573B27CC2DC600E413B1 /* Build configuration list for PBXNativeTarget "Profile ScreenTests" */;
			buildPhases = (
				FC0A572027CC2DC600E413B1 /* Sources */,
				FC0A572127CC2DC600E413B1 /* Frameworks */,
				FC0A572227CC2DC600E413B1 /* Resources */,
			);
			buildRules = (
			);
			dependencies = (
				FC0A572627CC2DC600E413B1 /* PBXTargetDependency */,
			);
			name = "Profile ScreenTests";
			productName = "Profile ScreenTests";
			productReference = FC0A572427CC2DC600E413B1 /* Profile ScreenTests.xctest */;
			productType = "com.apple.product-type.bundle.unit-test";
		};
		FC0A572E27CC2DC600E413B1 /* Profile ScreenUITests */ = {
			isa = PBXNativeTarget;
			buildConfigurationList = FC0A573E27CC2DC600E413B1 /* Build configuration list for PBXNativeTarget "Profile ScreenUITests" */;
			buildPhases = (
				FC0A572B27CC2DC600E413B1 /* Sources */,
				FC0A572C27CC2DC600E413B1 /* Frameworks */,
				FC0A572D27CC2DC600E413B1 /* Resources */,
			);
			buildRules = (
			);
			dependencies = (
				FC0A573127CC2DC600E413B1 /* PBXTargetDependency */,
			);
			name = "Profile ScreenUITests";
			productName = "Profile ScreenUITests";
			productReference = FC0A572F27CC2DC600E413B1 /* Profile ScreenUITests.xctest */;
			productType = "com.apple.product-type.bundle.ui-testing";
		};
/* End PBXNativeTarget section */

/* Begin PBXProject section */
		FC0A570327CC2DC400E413B1 /* Project object */ = {
			isa = PBXProject;
			attributes = {
				LastSwiftUpdateCheck = 1240;
				LastUpgradeCheck = 1240;
				TargetAttributes = {
					FC0A570A27CC2DC400E413B1 = {
						CreatedOnToolsVersion = 12.4;
					};
					FC0A572327CC2DC600E413B1 = {
						CreatedOnToolsVersion = 12.4;
						TestTargetID = FC0A570A27CC2DC400E413B1;
					};
					FC0A572E27CC2DC600E413B1 = {
						CreatedOnToolsVersion = 12.4;
						TestTargetID = FC0A570A27CC2DC400E413B1;
					};
				};
			};
			buildConfigurationList = FC0A570627CC2DC400E413B1 /* Build configuration list for PBXProject "Profile Screen" */;
			compatibilityVersion = "Xcode 9.3";
			developmentRegion = en;
			hasScannedForEncodings = 0;
			knownRegions = (
				en,
				Base,
			);
			mainGroup = FC0A570227CC2DC400E413B1;
			productRefGroup = FC0A570C27CC2DC400E413B1 /* Products */;
			projectDirPath = "";
			projectRoot = "";
			targets = (
				FC0A570A27CC2DC400E413B1 /* Profile Screen */,
				FC0A572327CC2DC600E413B1 /* Profile ScreenTests */,
				FC0A572E27CC2DC600E413B1 /* Profile ScreenUITests */,
			);
		};
/* End PBXProject section */

/* Begin PBXResourcesBuildPhase section */
		FC0A570927CC2DC400E413B1 /* Resources */ = {
			isa = PBXResourcesBuildPhase;
			buildActionMask = 2147483647;
			files = (
				FC0A571E27CC2DC500E413B1 /* LaunchScreen.storyboard in Resources */,
				FC0A571B27CC2DC500E413B1 /* Assets.xcassets in Resources */,
				FC0A571627CC2DC400E413B1 /* Main.storyboard in Resources */,
			);
			runOnlyForDeploymentPostprocessing = 0;
		};
		FC0A572227CC2DC600E413B1 /* Resources */ = {
			isa = PBXResourcesBuildPhase;
			buildActionMask = 2147483647;
			files = (
			);
			runOnlyForDeploymentPostprocessing = 0;
		};
		FC0A572D27CC2DC600E413B1 /* Resources */ = {
			isa = PBXResourcesBuildPhase;
			buildActionMask = 2147483647;
			files = (
			);
			runOnlyForDeploymentPostprocessing = 0;
		};
/* End PBXResourcesBuildPhase section */

/* Begin PBXSourcesBuildPhase section */
		FC0A570727CC2DC400E413B1 /* Sources */ = {
			isa = PBXSourcesBuildPhase;
			buildActionMask = 2147483647;
			files = (
				FC1EE31827CD657B0071EFD6 /* SecondScreenViewController.swift in Sources */,
				FC0A571327CC2DC400E413B1 /* ViewController.swift in Sources */,
				FC1EE31D27CD658F0071EFD6 /* ThirdScreenViewController.swift in Sources */,
				FC0A570F27CC2DC400E413B1 /* AppDelegate.swift in Sources */,
				FC0A571127CC2DC400E413B1 /* SceneDelegate.swift in Sources */,
				FC0A571927CC2DC400E413B1 /* Profile_Screen.xcdatamodeld in Sources */,
				FCACD78F27CEE2DD0049D6E5 /* Communicator.swift in Sources */,
				FC1EE31327CD655B0071EFD6 /* FirstScreenViewController.swift in Sources */,
			);
			runOnlyForDeploymentPostprocessing = 0;
		};
		FC0A572027CC2DC600E413B1 /* Sources */ = {
			isa = PBXSourcesBuildPhase;
			buildActionMask = 2147483647;
			files = (
				FC0A572927CC2DC600E413B1 /* Profile_ScreenTests.swift in Sources */,
			);
			runOnlyForDeploymentPostprocessing = 0;
		};
		FC0A572B27CC2DC600E413B1 /* Sources */ = {
			isa = PBXSourcesBuildPhase;
			buildActionMask = 2147483647;
			files = (
				FC0A573427CC2DC600E413B1 /* Profile_ScreenUITests.swift in Sources */,
			);
			runOnlyForDeploymentPostprocessing = 0;
		};
/* End PBXSourcesBuildPhase section */

/* Begin PBXTargetDependency section */
		FC0A572627CC2DC600E413B1 /* PBXTargetDependency */ = {
			isa = PBXTargetDependency;
			target = FC0A570A27CC2DC400E413B1 /* Profile Screen */;
			targetProxy = FC0A572527CC2DC600E413B1 /* PBXContainerItemProxy */;
		};
		FC0A573127CC2DC600E413B1 /* PBXTargetDependency */ = {
			isa = PBXTargetDependency;
			target = FC0A570A27CC2DC400E413B1 /* Profile Screen */;
			targetProxy = FC0A573027CC2DC600E413B1 /* PBXContainerItemProxy */;
		};
/* End PBXTargetDependency section */

/* Begin PBXVariantGroup section */
		FC0A571427CC2DC400E413B1 /* Main.storyboard */ = {
			isa = PBXVariantGroup;
			children = (
				FC0A571527CC2DC400E413B1 /* Base */,
			);
			name = Main.storyboard;
			sourceTree = "<group>";
		};
		FC0A571C27CC2DC500E413B1 /* LaunchScreen.storyboard */ = {
			isa = PBXVariantGroup;
			children = (
				FC0A571D27CC2DC500E413B1 /* Base */,
			);
			name = LaunchScreen.storyboard;
			sourceTree = "<group>";
		};
/* End PBXVariantGroup section */

/* Begin XCBuildConfiguration section */
		FC0A573627CC2DC600E413B1 /* Debug */ = {
			isa = XCBuildConfiguration;
			buildSettings = {
				ALWAYS_SEARCH_USER_PATHS = NO;
				CLANG_ANALYZER_NONNULL = YES;
				CLANG_ANALYZER_NUMBER_OBJECT_CONVERSION = YES_AGGRESSIVE;
				CLANG_CXX_LANGUAGE_STANDARD = "gnu++14";
				CLANG_CXX_LIBRARY = "libc++";
				CLANG_ENABLE_MODULES = YES;
				CLANG_ENABLE_OBJC_ARC = YES;
				CLANG_ENABLE_OBJC_WEAK = YES;
				CLANG_WARN_BLOCK_CAPTURE_AUTORELEASING = YES;
				CLANG_WARN_BOOL_CONVERSION = YES;
				CLANG_WARN_COMMA = YES;
				CLANG_WARN_CONSTANT_CONVERSION = YES;
				CLANG_WARN_DEPRECATED_OBJC_IMPLEMENTATIONS = YES;
				CLANG_WARN_DIRECT_OBJC_ISA_USAGE = YES_ERROR;
				CLANG_WARN_DOCUMENTATION_COMMENTS = YES;
				CLANG_WARN_EMPTY_BODY = YES;
				CLANG_WARN_ENUM_CONVERSION = YES;
				CLANG_WARN_INFINITE_RECURSION = YES;
				CLANG_WARN_INT_CONVERSION = YES;
				CLANG_WARN_NON_LITERAL_NULL_CONVERSION = YES;
				CLANG_WARN_OBJC_IMPLICIT_RETAIN_SELF = YES;
				CLANG_WARN_OBJC_LITERAL_CONVERSION = YES;
				CLANG_WARN_OBJC_ROOT_CLASS = YES_ERROR;
				CLANG_WARN_QUOTED_INCLUDE_IN_FRAMEWORK_HEADER = YES;
				CLANG_WARN_RANGE_LOOP_ANALYSIS = YES;
				CLANG_WARN_STRICT_PROTOTYPES = YES;
				CLANG_WARN_SUSPICIOUS_MOVE = YES;
				CLANG_WARN_UNGUARDED_AVAILABILITY = YES_AGGRESSIVE;
				CLANG_WARN_UNREACHABLE_CODE = YES;
				CLANG_WARN__DUPLICATE_METHOD_MATCH = YES;
				COPY_PHASE_STRIP = NO;
				DEBUG_INFORMATION_FORMAT = dwarf;
				ENABLE_STRICT_OBJC_MSGSEND = YES;
				ENABLE_TESTABILITY = YES;
				GCC_C_LANGUAGE_STANDARD = gnu11;
				GCC_DYNAMIC_NO_PIC = NO;
				GCC_NO_COMMON_BLOCKS = YES;
				GCC_OPTIMIZATION_LEVEL = 0;
				GCC_PREPROCESSOR_DEFINITIONS = (
					"DEBUG=1",
					"$(inherited)",
				);
				GCC_WARN_64_TO_32_BIT_CONVERSION = YES;
				GCC_WARN_ABOUT_RETURN_TYPE = YES_ERROR;
				GCC_WARN_UNDECLARED_SELECTOR = YES;
				GCC_WARN_UNINITIALIZED_AUTOS = YES_AGGRESSIVE;
				GCC_WARN_UNUSED_FUNCTION = YES;
				GCC_WARN_UNUSED_VARIABLE = YES;
				IPHONEOS_DEPLOYMENT_TARGET = 14.4;
				MTL_ENABLE_DEBUG_INFO = INCLUDE_SOURCE;
				MTL_FAST_MATH = YES;
				ONLY_ACTIVE_ARCH = YES;
				SDKROOT = iphoneos;
				SWIFT_ACTIVE_COMPILATION_CONDITIONS = DEBUG;
				SWIFT_OPTIMIZATION_LEVEL = "-Onone";
			};
			name = Debug;
		};
		FC0A573727CC2DC600E413B1 /* Release */ = {
			isa = XCBuildConfiguration;
			buildSettings = {
				ALWAYS_SEARCH_USER_PATHS = NO;
				CLANG_ANALYZER_NONNULL = YES;
				CLANG_ANALYZER_NUMBER_OBJECT_CONVERSION = YES_AGGRESSIVE;
				CLANG_CXX_LANGUAGE_STANDARD = "gnu++14";
				CLANG_CXX_LIBRARY = "libc++";
				CLANG_ENABLE_MODULES = YES;
				CLANG_ENABLE_OBJC_ARC = YES;
				CLANG_ENABLE_OBJC_WEAK = YES;
				CLANG_WARN_BLOCK_CAPTURE_AUTORELEASING = YES;
				CLANG_WARN_BOOL_CONVERSION = YES;
				CLANG_WARN_COMMA = YES;
				CLANG_WARN_CONSTANT_CONVERSION = YES;
				CLANG_WARN_DEPRECATED_OBJC_IMPLEMENTATIONS = YES;
				CLANG_WARN_DIRECT_OBJC_ISA_USAGE = YES_ERROR;
				CLANG_WARN_DOCUMENTATION_COMMENTS = YES;
				CLANG_WARN_EMPTY_BODY = YES;
				CLANG_WARN_ENUM_CONVERSION = YES;
				CLANG_WARN_INFINITE_RECURSION = YES;
				CLANG_WARN_INT_CONVERSION = YES;
				CLANG_WARN_NON_LITERAL_NULL_CONVERSION = YES;
				CLANG_WARN_OBJC_IMPLICIT_RETAIN_SELF = YES;
				CLANG_WARN_OBJC_LITERAL_CONVERSION = YES;
				CLANG_WARN_OBJC_ROOT_CLASS = YES_ERROR;
				CLANG_WARN_QUOTED_INCLUDE_IN_FRAMEWORK_HEADER = YES;
				CLANG_WARN_RANGE_LOOP_ANALYSIS = YES;
				CLANG_WARN_STRICT_PROTOTYPES = YES;
				CLANG_WARN_SUSPICIOUS_MOVE = YES;
				CLANG_WARN_UNGUARDED_AVAILABILITY = YES_AGGRESSIVE;
				CLANG_WARN_UNREACHABLE_CODE = YES;
				CLANG_WARN__DUPLICATE_METHOD_MATCH = YES;
				COPY_PHASE_STRIP = NO;
				DEBUG_INFORMATION_FORMAT = "dwarf-with-dsym";
				ENABLE_NS_ASSERTIONS = NO;
				ENABLE_STRICT_OBJC_MSGSEND = YES;
				GCC_C_LANGUAGE_STANDARD = gnu11;
				GCC_NO_COMMON_BLOCKS = YES;
				GCC_WARN_64_TO_32_BIT_CONVERSION = YES;
				GCC_WARN_ABOUT_RETURN_TYPE = YES_ERROR;
				GCC_WARN_UNDECLARED_SELECTOR = YES;
				GCC_WARN_UNINITIALIZED_AUTOS = YES_AGGRESSIVE;
				GCC_WARN_UNUSED_FUNCTION = YES;
				GCC_WARN_UNUSED_VARIABLE = YES;
				IPHONEOS_DEPLOYMENT_TARGET = 14.4;
				MTL_ENABLE_DEBUG_INFO = NO;
				MTL_FAST_MATH = YES;
				SDKROOT = iphoneos;
				SWIFT_COMPILATION_MODE = wholemodule;
				SWIFT_OPTIMIZATION_LEVEL = "-O";
				VALIDATE_PRODUCT = YES;
			};
			name = Release;
		};
		FC0A573927CC2DC600E413B1 /* Debug */ = {
			isa = XCBuildConfiguration;
			buildSettings = {
				ASSETCATALOG_COMPILER_APPICON_NAME = AppIcon;
				ASSETCATALOG_COMPILER_GLOBAL_ACCENT_COLOR_NAME = AccentColor;
				CODE_SIGN_STYLE = Automatic;
				INFOPLIST_FILE = "Profile Screen/Info.plist";
				LD_RUNPATH_SEARCH_PATHS = (
					"$(inherited)",
					"@executable_path/Frameworks",
				);
				PRODUCT_BUNDLE_IDENTIFIER = "Donia.Profile-Screen";
				PRODUCT_NAME = "$(TARGET_NAME)";
				SWIFT_VERSION = 5.0;
				TARGETED_DEVICE_FAMILY = "1,2";
			};
			name = Debug;
		};
		FC0A573A27CC2DC600E413B1 /* Release */ = {
			isa = XCBuildConfiguration;
			buildSettings = {
				ASSETCATALOG_COMPILER_APPICON_NAME = AppIcon;
				ASSETCATALOG_COMPILER_GLOBAL_ACCENT_COLOR_NAME = AccentColor;
				CODE_SIGN_STYLE = Automatic;
				INFOPLIST_FILE = "Profile Screen/Info.plist";
				LD_RUNPATH_SEARCH_PATHS = (
					"$(inherited)",
					"@executable_path/Frameworks",
				);
				PRODUCT_BUNDLE_IDENTIFIER = "Donia.Profile-Screen";
				PRODUCT_NAME = "$(TARGET_NAME)";
				SWIFT_VERSION = 5.0;
				TARGETED_DEVICE_FAMILY = "1,2";
			};
			name = Release;
		};
		FC0A573C27CC2DC600E413B1 /* Debug */ = {
			isa = XCBuildConfiguration;
			buildSettings = {
				ALWAYS_EMBED_SWIFT_STANDARD_LIBRARIES = YES;
				BUNDLE_LOADER = "$(TEST_HOST)";
				CODE_SIGN_STYLE = Automatic;
				INFOPLIST_FILE = "Profile ScreenTests/Info.plist";
				IPHONEOS_DEPLOYMENT_TARGET = 14.4;
				LD_RUNPATH_SEARCH_PATHS = (
					"$(inherited)",
					"@executable_path/Frameworks",
					"@loader_path/Frameworks",
				);
				PRODUCT_BUNDLE_IDENTIFIER = "Donia.Profile-ScreenTests";
				PRODUCT_NAME = "$(TARGET_NAME)";
				SWIFT_VERSION = 5.0;
				TARGETED_DEVICE_FAMILY = "1,2";
				TEST_HOST = "$(BUILT_PRODUCTS_DIR)/Profile Screen.app/Profile Screen";
			};
			name = Debug;
		};
		FC0A573D27CC2DC600E413B1 /* Release */ = {
			isa = XCBuildConfiguration;
			buildSettings = {
				ALWAYS_EMBED_SWIFT_STANDARD_LIBRARIES = YES;
				BUNDLE_LOADER = "$(TEST_HOST)";
				CODE_SIGN_STYLE = Automatic;
				INFOPLIST_FILE = "Profile ScreenTests/Info.plist";
				IPHONEOS_DEPLOYMENT_TARGET = 14.4;
				LD_RUNPATH_SEARCH_PATHS = (
					"$(inherited)",
					"@executable_path/Frameworks",
					"@loader_path/Frameworks",
				);
				PRODUCT_BUNDLE_IDENTIFIER = "Donia.Profile-ScreenTests";
				PRODUCT_NAME = "$(TARGET_NAME)";
				SWIFT_VERSION = 5.0;
				TARGETED_DEVICE_FAMILY = "1,2";
				TEST_HOST = "$(BUILT_PRODUCTS_DIR)/Profile Screen.app/Profile Screen";
			};
			name = Release;
		};
		FC0A573F27CC2DC600E413B1 /* Debug */ = {
			isa = XCBuildConfiguration;
			buildSettings = {
				ALWAYS_EMBED_SWIFT_STANDARD_LIBRARIES = YES;
				CODE_SIGN_STYLE = Automatic;
				INFOPLIST_FILE = "Profile ScreenUITests/Info.plist";
				LD_RUNPATH_SEARCH_PATHS = (
					"$(inherited)",
					"@executable_path/Frameworks",
					"@loader_path/Frameworks",
				);
				PRODUCT_BUNDLE_IDENTIFIER = "Donia.Profile-ScreenUITests";
				PRODUCT_NAME = "$(TARGET_NAME)";
				SWIFT_VERSION = 5.0;
				TARGETED_DEVICE_FAMILY = "1,2";
				TEST_TARGET_NAME = "Profile Screen";
			};
			name = Debug;
		};
		FC0A574027CC2DC600E413B1 /* Release */ = {
			isa = XCBuildConfiguration;
			buildSettings = {
				ALWAYS_EMBED_SWIFT_STANDARD_LIBRARIES = YES;
				CODE_SIGN_STYLE = Automatic;
				INFOPLIST_FILE = "Profile ScreenUITests/Info.plist";
				LD_RUNPATH_SEARCH_PATHS = (
					"$(inherited)",
					"@executable_path/Frameworks",
					"@loader_path/Frameworks",
				);
				PRODUCT_BUNDLE_IDENTIFIER = "Donia.Profile-ScreenUITests";
				PRODUCT_NAME = "$(TARGET_NAME)";
				SWIFT_VERSION = 5.0;
				TARGETED_DEVICE_FAMILY = "1,2";
				TEST_TARGET_NAME = "Profile Screen";
			};
			name = Release;
		};
/* End XCBuildConfiguration section */

/* Begin XCConfigurationList section */
		FC0A570627CC2DC400E413B1 /* Build configuration list for PBXProject "Profile Screen" */ = {
			isa = XCConfigurationList;
			buildConfigurations = (
				FC0A573627CC2DC600E413B1 /* Debug */,
				FC0A573727CC2DC600E413B1 /* Release */,
			);
			defaultConfigurationIsVisible = 0;
			defaultConfigurationName = Release;
		};
		FC0A573827CC2DC600E413B1 /* Build configuration list for PBXNativeTarget "Profile Screen" */ = {
			isa = XCConfigurationList;
			buildConfigurations = (
				FC0A573927CC2DC600E413B1 /* Debug */,
				FC0A573A27CC2DC600E413B1 /* Release */,
			);
			defaultConfigurationIsVisible = 0;
			defaultConfigurationName = Release;
		};
		FC0A573B27CC2DC600E413B1 /* Build configuration list for PBXNativeTarget "Profile ScreenTests" */ = {
			isa = XCConfigurationList;
			buildConfigurations = (
				FC0A573C27CC2DC600E413B1 /* Debug */,
				FC0A573D27CC2DC600E413B1 /* Release */,
			);
			defaultConfigurationIsVisible = 0;
			defaultConfigurationName = Release;
		};
		FC0A573E27CC2DC600E413B1 /* Build configuration list for PBXNativeTarget "Profile ScreenUITests" */ = {
			isa = XCConfigurationList;
			buildConfigurations = (
				FC0A573F27CC2DC600E413B1 /* Debug */,
				FC0A574027CC2DC600E413B1 /* Release */,
			);
			defaultConfigurationIsVisible = 0;
			defaultConfigurationName = Release;
		};
/* End XCConfigurationList section */

/* Begin XCVersionGroup section */
		FC0A571727CC2DC400E413B1 /* Profile_Screen.xcdatamodeld */ = {
			isa = XCVersionGroup;
			children = (
				FC0A571827CC2DC400E413B1 /* Profile_Screen.xcdatamodel */,
			);
			currentVersion = FC0A571827CC2DC400E413B1 /* Profile_Screen.xcdatamodel */;
			path = Profile_Screen.xcdatamodeld;
			sourceTree = "<group>";
			versionGroupType = wrapper.xcdatamodel;
		};
/* End XCVersionGroup section */
	};
	rootObject = FC0A570327CC2DC400E413B1 /* Project object */;
}
